// !$*UTF8*$!
{
	archiveVersion = 1;
	classes = {
	};
	objectVersion = 51;
	objects = {

/* Begin PBXBuildFile section */
		05A0204231753255F2F22442 /* Pods_BancoDigitalTests.framework in Frameworks */ = {isa = PBXBuildFile; fileRef = CBEABE88260BCDDEB5CFE4B0 /* Pods_BancoDigitalTests.framework */; };
		731E706E388B33B41B2C9252 /* Pods_BancoDigital.framework in Frameworks */ = {isa = PBXBuildFile; fileRef = 79B070B51FEA08E48B787B49 /* Pods_BancoDigital.framework */; };
		95593CFA26BCBC8900C9E078 /* ValueTransferViewController.swift in Sources */ = {isa = PBXBuildFile; fileRef = 95593CF826BCBC8900C9E078 /* ValueTransferViewController.swift */; };
		95593CFB26BCBC8900C9E078 /* ValueTransferViewController.xib in Resources */ = {isa = PBXBuildFile; fileRef = 95593CF926BCBC8900C9E078 /* ValueTransferViewController.xib */; };
		95593CFE26BD889D00C9E078 /* SuccessfulTransferViewController.swift in Sources */ = {isa = PBXBuildFile; fileRef = 95593CFC26BD889D00C9E078 /* SuccessfulTransferViewController.swift */; };
		95593CFF26BD889D00C9E078 /* SuccessfulTransferViewController.xib in Resources */ = {isa = PBXBuildFile; fileRef = 95593CFD26BD889D00C9E078 /* SuccessfulTransferViewController.xib */; };
		95593D0126BD9FF100C9E078 /* ValueTransferViewModel.swift in Sources */ = {isa = PBXBuildFile; fileRef = 95593D0026BD9FF100C9E078 /* ValueTransferViewModel.swift */; };
		95593D0326BDA09D00C9E078 /* SuccessfulTransferViewModel.swift in Sources */ = {isa = PBXBuildFile; fileRef = 95593D0226BDA09D00C9E078 /* SuccessfulTransferViewModel.swift */; };
		9576D29926A0FFA400BFBD0B /* AppDelegate.swift in Sources */ = {isa = PBXBuildFile; fileRef = 9576D29826A0FFA400BFBD0B /* AppDelegate.swift */; };
		9576D29D26A0FFA400BFBD0B /* ViewController.swift in Sources */ = {isa = PBXBuildFile; fileRef = 9576D29C26A0FFA400BFBD0B /* ViewController.swift */; };
		9576D2A326A0FFA400BFBD0B /* BancoDigital.xcdatamodeld in Sources */ = {isa = PBXBuildFile; fileRef = 9576D2A126A0FFA400BFBD0B /* BancoDigital.xcdatamodeld */; };
		9576D2A526A0FFA500BFBD0B /* Assets.xcassets in Resources */ = {isa = PBXBuildFile; fileRef = 9576D2A426A0FFA500BFBD0B /* Assets.xcassets */; };
		9576D2A826A0FFA500BFBD0B /* LaunchScreen.storyboard in Resources */ = {isa = PBXBuildFile; fileRef = 9576D2A626A0FFA500BFBD0B /* LaunchScreen.storyboard */; };
		9576D2B326A0FFA600BFBD0B /* BancoDigitalTests.swift in Sources */ = {isa = PBXBuildFile; fileRef = 9576D2B226A0FFA600BFBD0B /* BancoDigitalTests.swift */; };
		9576D2BE26A0FFA600BFBD0B /* BancoDigitalUITests.swift in Sources */ = {isa = PBXBuildFile; fileRef = 9576D2BD26A0FFA600BFBD0B /* BancoDigitalUITests.swift */; };
		9576D2D226A101E600BFBD0B /* LoginViewController.swift in Sources */ = {isa = PBXBuildFile; fileRef = 9576D2D026A101E600BFBD0B /* LoginViewController.swift */; };
		9576D2D326A101E600BFBD0B /* LoginViewController.xib in Resources */ = {isa = PBXBuildFile; fileRef = 9576D2D126A101E600BFBD0B /* LoginViewController.xib */; };
		9576D2D526A101F500BFBD0B /* Login.swift in Sources */ = {isa = PBXBuildFile; fileRef = 9576D2D426A101F500BFBD0B /* Login.swift */; };
		9576D2D726A1022E00BFBD0B /* LoginViewModel.swift in Sources */ = {isa = PBXBuildFile; fileRef = 9576D2D626A1022E00BFBD0B /* LoginViewModel.swift */; };
		9576D2DA26A1079C00BFBD0B /* AppCoordinator.swift in Sources */ = {isa = PBXBuildFile; fileRef = 9576D2D926A1079C00BFBD0B /* AppCoordinator.swift */; };
		9576D2DC26A10C7C00BFBD0B /* User.swift in Sources */ = {isa = PBXBuildFile; fileRef = 9576D2DB26A10C7C00BFBD0B /* User.swift */; };
		9576D2DF26A110E700BFBD0B /* WelcomeViewController.swift in Sources */ = {isa = PBXBuildFile; fileRef = 9576D2DD26A110E700BFBD0B /* WelcomeViewController.swift */; };
		9576D2E026A110E700BFBD0B /* WelcomeViewController.xib in Resources */ = {isa = PBXBuildFile; fileRef = 9576D2DE26A110E700BFBD0B /* WelcomeViewController.xib */; };
		957D5EC326BF3A2900130BF7 /* WelcomeItem.swift in Sources */ = {isa = PBXBuildFile; fileRef = 957D5EC226BF3A2900130BF7 /* WelcomeItem.swift */; };
		957D5ECE26BF73D000130BF7 /* CardTableViewCell.swift in Sources */ = {isa = PBXBuildFile; fileRef = 957D5ECC26BF73D000130BF7 /* CardTableViewCell.swift */; };
		957D5ECF26BF73D000130BF7 /* CardTableViewCell.xib in Resources */ = {isa = PBXBuildFile; fileRef = 957D5ECD26BF73D000130BF7 /* CardTableViewCell.xib */; };
		957D5ED126BF79A900130BF7 /* WelcomeViewModel.swift in Sources */ = {isa = PBXBuildFile; fileRef = 957D5ED026BF79A900130BF7 /* WelcomeViewModel.swift */; };
		958615FD26B64B42004CA5F9 /* StatementViewController.swift in Sources */ = {isa = PBXBuildFile; fileRef = 958615FB26B64B42004CA5F9 /* StatementViewController.swift */; };
		958615FE26B64B42004CA5F9 /* StatementViewController.xib in Resources */ = {isa = PBXBuildFile; fileRef = 958615FC26B64B42004CA5F9 /* StatementViewController.xib */; };
		9586160026B64BCA004CA5F9 /* FinancialTransaction.swift in Sources */ = {isa = PBXBuildFile; fileRef = 958615FF26B64BCA004CA5F9 /* FinancialTransaction.swift */; };
		9586160726B6D316004CA5F9 /* FinancialTransactionTableViewCell.swift in Sources */ = {isa = PBXBuildFile; fileRef = 9586160526B6D316004CA5F9 /* FinancialTransactionTableViewCell.swift */; };
		9586160826B6D316004CA5F9 /* FinancialTransactionTableViewCell.xib in Resources */ = {isa = PBXBuildFile; fileRef = 9586160626B6D316004CA5F9 /* FinancialTransactionTableViewCell.xib */; };
		9586160B26B6F229004CA5F9 /* StatementViewModel.swift in Sources */ = {isa = PBXBuildFile; fileRef = 9586160A26B6F229004CA5F9 /* StatementViewModel.swift */; };
		9586160D26B73AB6004CA5F9 /* TransferViewModel.swift in Sources */ = {isa = PBXBuildFile; fileRef = 9586160C26B73AB6004CA5F9 /* TransferViewModel.swift */; };
		9586161026B73DED004CA5F9 /* TransferViewController.swift in Sources */ = {isa = PBXBuildFile; fileRef = 9586160E26B73DED004CA5F9 /* TransferViewController.swift */; };
		9586161126B73DED004CA5F9 /* TransferViewController.xib in Resources */ = {isa = PBXBuildFile; fileRef = 9586160F26B73DED004CA5F9 /* TransferViewController.xib */; };
		9586161426B75DD3004CA5F9 /* BankViewController.swift in Sources */ = {isa = PBXBuildFile; fileRef = 9586161226B75DD3004CA5F9 /* BankViewController.swift */; };
		9586161526B75DD3004CA5F9 /* BankViewController.xib in Resources */ = {isa = PBXBuildFile; fileRef = 9586161326B75DD3004CA5F9 /* BankViewController.xib */; };
		9586161826B75F66004CA5F9 /* BankTableViewCell.swift in Sources */ = {isa = PBXBuildFile; fileRef = 9586161626B75F66004CA5F9 /* BankTableViewCell.swift */; };
		9586161926B75F66004CA5F9 /* BankTableViewCell.xib in Resources */ = {isa = PBXBuildFile; fileRef = 9586161726B75F66004CA5F9 /* BankTableViewCell.xib */; };
		9586161B26B75FD8004CA5F9 /* Bank.swift in Sources */ = {isa = PBXBuildFile; fileRef = 9586161A26B75FD8004CA5F9 /* Bank.swift */; };
		9586161D26B76113004CA5F9 /* BankViewModel.swift in Sources */ = {isa = PBXBuildFile; fileRef = 9586161C26B76113004CA5F9 /* BankViewModel.swift */; };
		95C89A7326C01FE8008B967F /* BalanceTableViewCell.swift in Sources */ = {isa = PBXBuildFile; fileRef = 95C89A7126C01FE8008B967F /* BalanceTableViewCell.swift */; };
		95C89A7426C01FE8008B967F /* BalanceTableViewCell.xib in Resources */ = {isa = PBXBuildFile; fileRef = 95C89A7226C01FE8008B967F /* BalanceTableViewCell.xib */; };
		95C89A7726C0258B008B967F /* CreditTableViewCell.swift in Sources */ = {isa = PBXBuildFile; fileRef = 95C89A7526C0258B008B967F /* CreditTableViewCell.swift */; };
		95C89A7826C0258B008B967F /* CreditTableViewCell.xib in Resources */ = {isa = PBXBuildFile; fileRef = 95C89A7626C0258B008B967F /* CreditTableViewCell.xib */; };
		95C89A7D26C0EE75008B967F /* DoubleExtension.swift in Sources */ = {isa = PBXBuildFile; fileRef = 95C89A7C26C0EE75008B967F /* DoubleExtension.swift */; };
		95C89A7F26C0F7F3008B967F /* DateExtension.swift in Sources */ = {isa = PBXBuildFile; fileRef = 95C89A7E26C0F7F3008B967F /* DateExtension.swift */; };
		95C89A8126C0FFB1008B967F /* BankTransfer.swift in Sources */ = {isa = PBXBuildFile; fileRef = 95C89A8026C0FFB1008B967F /* BankTransfer.swift */; };
		BCF7731BB510184842190CDA /* Pods_BancoDigital_BancoDigitalUITests.framework in Frameworks */ = {isa = PBXBuildFile; fileRef = 1B9E6C287208EBA9F150C785 /* Pods_BancoDigital_BancoDigitalUITests.framework */; };
/* End PBXBuildFile section */

/* Begin PBXContainerItemProxy section */
		9576D2AF26A0FFA600BFBD0B /* PBXContainerItemProxy */ = {
			isa = PBXContainerItemProxy;
			containerPortal = 9576D28D26A0FFA400BFBD0B /* Project object */;
			proxyType = 1;
			remoteGlobalIDString = 9576D29426A0FFA400BFBD0B;
			remoteInfo = BancoDigital;
		};
		9576D2BA26A0FFA600BFBD0B /* PBXContainerItemProxy */ = {
			isa = PBXContainerItemProxy;
			containerPortal = 9576D28D26A0FFA400BFBD0B /* Project object */;
			proxyType = 1;
			remoteGlobalIDString = 9576D29426A0FFA400BFBD0B;
			remoteInfo = BancoDigital;
		};
/* End PBXContainerItemProxy section */

/* Begin PBXFileReference section */
		1B9E6C287208EBA9F150C785 /* Pods_BancoDigital_BancoDigitalUITests.framework */ = {isa = PBXFileReference; explicitFileType = wrapper.framework; includeInIndex = 0; path = Pods_BancoDigital_BancoDigitalUITests.framework; sourceTree = BUILT_PRODUCTS_DIR; };
		63B410F264140CF4C1587007 /* Pods-BancoDigitalTests.debug.xcconfig */ = {isa = PBXFileReference; includeInIndex = 1; lastKnownFileType = text.xcconfig; name = "Pods-BancoDigitalTests.debug.xcconfig"; path = "Target Support Files/Pods-BancoDigitalTests/Pods-BancoDigitalTests.debug.xcconfig"; sourceTree = "<group>"; };
		7232DAB0A542EE5A0AB1BD80 /* Pods-BancoDigital-BancoDigitalUITests.debug.xcconfig */ = {isa = PBXFileReference; includeInIndex = 1; lastKnownFileType = text.xcconfig; name = "Pods-BancoDigital-BancoDigitalUITests.debug.xcconfig"; path = "Target Support Files/Pods-BancoDigital-BancoDigitalUITests/Pods-BancoDigital-BancoDigitalUITests.debug.xcconfig"; sourceTree = "<group>"; };
		79B070B51FEA08E48B787B49 /* Pods_BancoDigital.framework */ = {isa = PBXFileReference; explicitFileType = wrapper.framework; includeInIndex = 0; path = Pods_BancoDigital.framework; sourceTree = BUILT_PRODUCTS_DIR; };
		95593CF826BCBC8900C9E078 /* ValueTransferViewController.swift */ = {isa = PBXFileReference; lastKnownFileType = sourcecode.swift; path = ValueTransferViewController.swift; sourceTree = "<group>"; };
		95593CF926BCBC8900C9E078 /* ValueTransferViewController.xib */ = {isa = PBXFileReference; lastKnownFileType = file.xib; path = ValueTransferViewController.xib; sourceTree = "<group>"; };
		95593CFC26BD889D00C9E078 /* SuccessfulTransferViewController.swift */ = {isa = PBXFileReference; lastKnownFileType = sourcecode.swift; path = SuccessfulTransferViewController.swift; sourceTree = "<group>"; };
		95593CFD26BD889D00C9E078 /* SuccessfulTransferViewController.xib */ = {isa = PBXFileReference; lastKnownFileType = file.xib; path = SuccessfulTransferViewController.xib; sourceTree = "<group>"; };
		95593D0026BD9FF100C9E078 /* ValueTransferViewModel.swift */ = {isa = PBXFileReference; lastKnownFileType = sourcecode.swift; path = ValueTransferViewModel.swift; sourceTree = "<group>"; };
		95593D0226BDA09D00C9E078 /* SuccessfulTransferViewModel.swift */ = {isa = PBXFileReference; lastKnownFileType = sourcecode.swift; path = SuccessfulTransferViewModel.swift; sourceTree = "<group>"; };
		9576D29526A0FFA400BFBD0B /* BancoDigital.app */ = {isa = PBXFileReference; explicitFileType = wrapper.application; includeInIndex = 0; path = BancoDigital.app; sourceTree = BUILT_PRODUCTS_DIR; };
		9576D29826A0FFA400BFBD0B /* AppDelegate.swift */ = {isa = PBXFileReference; lastKnownFileType = sourcecode.swift; path = AppDelegate.swift; sourceTree = "<group>"; };
		9576D29C26A0FFA400BFBD0B /* ViewController.swift */ = {isa = PBXFileReference; lastKnownFileType = sourcecode.swift; path = ViewController.swift; sourceTree = "<group>"; };
		9576D2A226A0FFA400BFBD0B /* BancoDigital.xcdatamodel */ = {isa = PBXFileReference; lastKnownFileType = wrapper.xcdatamodel; path = BancoDigital.xcdatamodel; sourceTree = "<group>"; };
		9576D2A426A0FFA500BFBD0B /* Assets.xcassets */ = {isa = PBXFileReference; lastKnownFileType = folder.assetcatalog; path = Assets.xcassets; sourceTree = "<group>"; };
		9576D2A726A0FFA500BFBD0B /* Base */ = {isa = PBXFileReference; lastKnownFileType = file.storyboard; name = Base; path = Base.lproj/LaunchScreen.storyboard; sourceTree = "<group>"; };
		9576D2A926A0FFA500BFBD0B /* Info.plist */ = {isa = PBXFileReference; lastKnownFileType = text.plist.xml; path = Info.plist; sourceTree = "<group>"; };
		9576D2AE26A0FFA600BFBD0B /* BancoDigitalTests.xctest */ = {isa = PBXFileReference; explicitFileType = wrapper.cfbundle; includeInIndex = 0; path = BancoDigitalTests.xctest; sourceTree = BUILT_PRODUCTS_DIR; };
		9576D2B226A0FFA600BFBD0B /* BancoDigitalTests.swift */ = {isa = PBXFileReference; lastKnownFileType = sourcecode.swift; path = BancoDigitalTests.swift; sourceTree = "<group>"; };
		9576D2B426A0FFA600BFBD0B /* Info.plist */ = {isa = PBXFileReference; lastKnownFileType = text.plist.xml; path = Info.plist; sourceTree = "<group>"; };
		9576D2B926A0FFA600BFBD0B /* BancoDigitalUITests.xctest */ = {isa = PBXFileReference; explicitFileType = wrapper.cfbundle; includeInIndex = 0; path = BancoDigitalUITests.xctest; sourceTree = BUILT_PRODUCTS_DIR; };
		9576D2BD26A0FFA600BFBD0B /* BancoDigitalUITests.swift */ = {isa = PBXFileReference; lastKnownFileType = sourcecode.swift; path = BancoDigitalUITests.swift; sourceTree = "<group>"; };
		9576D2BF26A0FFA600BFBD0B /* Info.plist */ = {isa = PBXFileReference; lastKnownFileType = text.plist.xml; path = Info.plist; sourceTree = "<group>"; };
		9576D2D026A101E600BFBD0B /* LoginViewController.swift */ = {isa = PBXFileReference; lastKnownFileType = sourcecode.swift; path = LoginViewController.swift; sourceTree = "<group>"; };
		9576D2D126A101E600BFBD0B /* LoginViewController.xib */ = {isa = PBXFileReference; lastKnownFileType = file.xib; path = LoginViewController.xib; sourceTree = "<group>"; };
		9576D2D426A101F500BFBD0B /* Login.swift */ = {isa = PBXFileReference; lastKnownFileType = sourcecode.swift; path = Login.swift; sourceTree = "<group>"; };
		9576D2D626A1022E00BFBD0B /* LoginViewModel.swift */ = {isa = PBXFileReference; lastKnownFileType = sourcecode.swift; path = LoginViewModel.swift; sourceTree = "<group>"; };
		9576D2D926A1079C00BFBD0B /* AppCoordinator.swift */ = {isa = PBXFileReference; fileEncoding = 4; lastKnownFileType = sourcecode.swift; name = AppCoordinator.swift; path = "../../../Swift-MVVMC-SimpleExample/MVVM+Coordinator/Coordinator/AppCoordinator.swift"; sourceTree = "<group>"; };
		9576D2DB26A10C7C00BFBD0B /* User.swift */ = {isa = PBXFileReference; lastKnownFileType = sourcecode.swift; path = User.swift; sourceTree = "<group>"; };
		9576D2DD26A110E700BFBD0B /* WelcomeViewController.swift */ = {isa = PBXFileReference; lastKnownFileType = sourcecode.swift; path = WelcomeViewController.swift; sourceTree = "<group>"; };
		9576D2DE26A110E700BFBD0B /* WelcomeViewController.xib */ = {isa = PBXFileReference; lastKnownFileType = file.xib; path = WelcomeViewController.xib; sourceTree = "<group>"; };
		957D5EC226BF3A2900130BF7 /* WelcomeItem.swift */ = {isa = PBXFileReference; lastKnownFileType = sourcecode.swift; path = WelcomeItem.swift; sourceTree = "<group>"; };
		957D5ECC26BF73D000130BF7 /* CardTableViewCell.swift */ = {isa = PBXFileReference; lastKnownFileType = sourcecode.swift; path = CardTableViewCell.swift; sourceTree = "<group>"; };
		957D5ECD26BF73D000130BF7 /* CardTableViewCell.xib */ = {isa = PBXFileReference; lastKnownFileType = file.xib; path = CardTableViewCell.xib; sourceTree = "<group>"; };
		957D5ED026BF79A900130BF7 /* WelcomeViewModel.swift */ = {isa = PBXFileReference; lastKnownFileType = sourcecode.swift; path = WelcomeViewModel.swift; sourceTree = "<group>"; };
		958615FB26B64B42004CA5F9 /* StatementViewController.swift */ = {isa = PBXFileReference; lastKnownFileType = sourcecode.swift; path = StatementViewController.swift; sourceTree = "<group>"; };
		958615FC26B64B42004CA5F9 /* StatementViewController.xib */ = {isa = PBXFileReference; lastKnownFileType = file.xib; path = StatementViewController.xib; sourceTree = "<group>"; };
		958615FF26B64BCA004CA5F9 /* FinancialTransaction.swift */ = {isa = PBXFileReference; lastKnownFileType = sourcecode.swift; path = FinancialTransaction.swift; sourceTree = "<group>"; };
		9586160526B6D316004CA5F9 /* FinancialTransactionTableViewCell.swift */ = {isa = PBXFileReference; lastKnownFileType = sourcecode.swift; path = FinancialTransactionTableViewCell.swift; sourceTree = "<group>"; };
		9586160626B6D316004CA5F9 /* FinancialTransactionTableViewCell.xib */ = {isa = PBXFileReference; lastKnownFileType = file.xib; path = FinancialTransactionTableViewCell.xib; sourceTree = "<group>"; };
		9586160A26B6F229004CA5F9 /* StatementViewModel.swift */ = {isa = PBXFileReference; lastKnownFileType = sourcecode.swift; path = StatementViewModel.swift; sourceTree = "<group>"; };
		9586160C26B73AB6004CA5F9 /* TransferViewModel.swift */ = {isa = PBXFileReference; lastKnownFileType = sourcecode.swift; path = TransferViewModel.swift; sourceTree = "<group>"; };
		9586160E26B73DED004CA5F9 /* TransferViewController.swift */ = {isa = PBXFileReference; lastKnownFileType = sourcecode.swift; path = TransferViewController.swift; sourceTree = "<group>"; };
		9586160F26B73DED004CA5F9 /* TransferViewController.xib */ = {isa = PBXFileReference; lastKnownFileType = file.xib; path = TransferViewController.xib; sourceTree = "<group>"; };
		9586161226B75DD3004CA5F9 /* BankViewController.swift */ = {isa = PBXFileReference; lastKnownFileType = sourcecode.swift; path = BankViewController.swift; sourceTree = "<group>"; };
		9586161326B75DD3004CA5F9 /* BankViewController.xib */ = {isa = PBXFileReference; lastKnownFileType = file.xib; path = BankViewController.xib; sourceTree = "<group>"; };
		9586161626B75F66004CA5F9 /* BankTableViewCell.swift */ = {isa = PBXFileReference; lastKnownFileType = sourcecode.swift; path = BankTableViewCell.swift; sourceTree = "<group>"; };
		9586161726B75F66004CA5F9 /* BankTableViewCell.xib */ = {isa = PBXFileReference; lastKnownFileType = file.xib; path = BankTableViewCell.xib; sourceTree = "<group>"; };
		9586161A26B75FD8004CA5F9 /* Bank.swift */ = {isa = PBXFileReference; lastKnownFileType = sourcecode.swift; path = Bank.swift; sourceTree = "<group>"; };
		9586161C26B76113004CA5F9 /* BankViewModel.swift */ = {isa = PBXFileReference; lastKnownFileType = sourcecode.swift; path = BankViewModel.swift; sourceTree = "<group>"; };
		95C89A7126C01FE8008B967F /* BalanceTableViewCell.swift */ = {isa = PBXFileReference; lastKnownFileType = sourcecode.swift; path = BalanceTableViewCell.swift; sourceTree = "<group>"; };
		95C89A7226C01FE8008B967F /* BalanceTableViewCell.xib */ = {isa = PBXFileReference; lastKnownFileType = file.xib; path = BalanceTableViewCell.xib; sourceTree = "<group>"; };
		95C89A7526C0258B008B967F /* CreditTableViewCell.swift */ = {isa = PBXFileReference; lastKnownFileType = sourcecode.swift; path = CreditTableViewCell.swift; sourceTree = "<group>"; };
		95C89A7626C0258B008B967F /* CreditTableViewCell.xib */ = {isa = PBXFileReference; lastKnownFileType = file.xib; path = CreditTableViewCell.xib; sourceTree = "<group>"; };
		95C89A7C26C0EE75008B967F /* DoubleExtension.swift */ = {isa = PBXFileReference; lastKnownFileType = sourcecode.swift; path = DoubleExtension.swift; sourceTree = "<group>"; };
		95C89A7E26C0F7F3008B967F /* DateExtension.swift */ = {isa = PBXFileReference; lastKnownFileType = sourcecode.swift; path = DateExtension.swift; sourceTree = "<group>"; };
		95C89A8026C0FFB1008B967F /* BankTransfer.swift */ = {isa = PBXFileReference; lastKnownFileType = sourcecode.swift; path = BankTransfer.swift; sourceTree = "<group>"; };
		964D59337D18453FB32F6CFB /* Pods-BancoDigitalTests.release.xcconfig */ = {isa = PBXFileReference; includeInIndex = 1; lastKnownFileType = text.xcconfig; name = "Pods-BancoDigitalTests.release.xcconfig"; path = "Target Support Files/Pods-BancoDigitalTests/Pods-BancoDigitalTests.release.xcconfig"; sourceTree = "<group>"; };
		98037CED0B7EEF2EEEFC89B6 /* Pods-BancoDigital-BancoDigitalUITests.release.xcconfig */ = {isa = PBXFileReference; includeInIndex = 1; lastKnownFileType = text.xcconfig; name = "Pods-BancoDigital-BancoDigitalUITests.release.xcconfig"; path = "Target Support Files/Pods-BancoDigital-BancoDigitalUITests/Pods-BancoDigital-BancoDigitalUITests.release.xcconfig"; sourceTree = "<group>"; };
		99AF650866D44F093FEA1705 /* Pods-BancoDigital.debug.xcconfig */ = {isa = PBXFileReference; includeInIndex = 1; lastKnownFileType = text.xcconfig; name = "Pods-BancoDigital.debug.xcconfig"; path = "Target Support Files/Pods-BancoDigital/Pods-BancoDigital.debug.xcconfig"; sourceTree = "<group>"; };
		A33A31A0A82AE97C0C9CA49F /* Pods-BancoDigital.release.xcconfig */ = {isa = PBXFileReference; includeInIndex = 1; lastKnownFileType = text.xcconfig; name = "Pods-BancoDigital.release.xcconfig"; path = "Target Support Files/Pods-BancoDigital/Pods-BancoDigital.release.xcconfig"; sourceTree = "<group>"; };
		CBEABE88260BCDDEB5CFE4B0 /* Pods_BancoDigitalTests.framework */ = {isa = PBXFileReference; explicitFileType = wrapper.framework; includeInIndex = 0; path = Pods_BancoDigitalTests.framework; sourceTree = BUILT_PRODUCTS_DIR; };
/* End PBXFileReference section */

/* Begin PBXFrameworksBuildPhase section */
		9576D29226A0FFA400BFBD0B /* Frameworks */ = {
			isa = PBXFrameworksBuildPhase;
			buildActionMask = 2147483647;
			files = (
				731E706E388B33B41B2C9252 /* Pods_BancoDigital.framework in Frameworks */,
			);
			runOnlyForDeploymentPostprocessing = 0;
		};
		9576D2AB26A0FFA600BFBD0B /* Frameworks */ = {
			isa = PBXFrameworksBuildPhase;
			buildActionMask = 2147483647;
			files = (
				05A0204231753255F2F22442 /* Pods_BancoDigitalTests.framework in Frameworks */,
			);
			runOnlyForDeploymentPostprocessing = 0;
		};
		9576D2B626A0FFA600BFBD0B /* Frameworks */ = {
			isa = PBXFrameworksBuildPhase;
			buildActionMask = 2147483647;
			files = (
				BCF7731BB510184842190CDA /* Pods_BancoDigital_BancoDigitalUITests.framework in Frameworks */,
			);
			runOnlyForDeploymentPostprocessing = 0;
		};
/* End PBXFrameworksBuildPhase section */

/* Begin PBXGroup section */
		5F90395EDE835CC1684B1DED /* Pods */ = {
			isa = PBXGroup;
			children = (
				99AF650866D44F093FEA1705 /* Pods-BancoDigital.debug.xcconfig */,
				A33A31A0A82AE97C0C9CA49F /* Pods-BancoDigital.release.xcconfig */,
				7232DAB0A542EE5A0AB1BD80 /* Pods-BancoDigital-BancoDigitalUITests.debug.xcconfig */,
				98037CED0B7EEF2EEEFC89B6 /* Pods-BancoDigital-BancoDigitalUITests.release.xcconfig */,
				63B410F264140CF4C1587007 /* Pods-BancoDigitalTests.debug.xcconfig */,
				964D59337D18453FB32F6CFB /* Pods-BancoDigitalTests.release.xcconfig */,
			);
			path = Pods;
			sourceTree = "<group>";
		};
		9576D28C26A0FFA400BFBD0B = {
			isa = PBXGroup;
			children = (
				9576D29726A0FFA400BFBD0B /* BancoDigital */,
				9576D2B126A0FFA600BFBD0B /* BancoDigitalTests */,
				9576D2BC26A0FFA600BFBD0B /* BancoDigitalUITests */,
				9576D29626A0FFA400BFBD0B /* Products */,
				5F90395EDE835CC1684B1DED /* Pods */,
				EE8E019533BEBB4A03D9C6A4 /* Frameworks */,
			);
			sourceTree = "<group>";
		};
		9576D29626A0FFA400BFBD0B /* Products */ = {
			isa = PBXGroup;
			children = (
				9576D29526A0FFA400BFBD0B /* BancoDigital.app */,
				9576D2AE26A0FFA600BFBD0B /* BancoDigitalTests.xctest */,
				9576D2B926A0FFA600BFBD0B /* BancoDigitalUITests.xctest */,
			);
			name = Products;
			sourceTree = "<group>";
		};
		9576D29726A0FFA400BFBD0B /* BancoDigital */ = {
			isa = PBXGroup;
			children = (
				95C89A7926C0EE07008B967F /* Extention */,
				9576D2D826A1078700BFBD0B /* Coordinator */,
				9576D2CF26A101C900BFBD0B /* ViewModel */,
				9576D2CE26A101C400BFBD0B /* Model */,
				9576D2CD26A101BD00BFBD0B /* View */,
				9576D29826A0FFA400BFBD0B /* AppDelegate.swift */,
				9576D29C26A0FFA400BFBD0B /* ViewController.swift */,
				9576D2A426A0FFA500BFBD0B /* Assets.xcassets */,
				9576D2A626A0FFA500BFBD0B /* LaunchScreen.storyboard */,
				9576D2A926A0FFA500BFBD0B /* Info.plist */,
				9576D2A126A0FFA400BFBD0B /* BancoDigital.xcdatamodeld */,
			);
			path = BancoDigital;
			sourceTree = "<group>";
		};
		9576D2B126A0FFA600BFBD0B /* BancoDigitalTests */ = {
			isa = PBXGroup;
			children = (
				9576D2B226A0FFA600BFBD0B /* BancoDigitalTests.swift */,
				9576D2B426A0FFA600BFBD0B /* Info.plist */,
			);
			path = BancoDigitalTests;
			sourceTree = "<group>";
		};
		9576D2BC26A0FFA600BFBD0B /* BancoDigitalUITests */ = {
			isa = PBXGroup;
			children = (
				9576D2BD26A0FFA600BFBD0B /* BancoDigitalUITests.swift */,
				9576D2BF26A0FFA600BFBD0B /* Info.plist */,
			);
			path = BancoDigitalUITests;
			sourceTree = "<group>";
		};
		9576D2CD26A101BD00BFBD0B /* View */ = {
			isa = PBXGroup;
			children = (
				9576D2D026A101E600BFBD0B /* LoginViewController.swift */,
				9576D2D126A101E600BFBD0B /* LoginViewController.xib */,
				9576D2DD26A110E700BFBD0B /* WelcomeViewController.swift */,
				9576D2DE26A110E700BFBD0B /* WelcomeViewController.xib */,
				958615FB26B64B42004CA5F9 /* StatementViewController.swift */,
				958615FC26B64B42004CA5F9 /* StatementViewController.xib */,
				9586160526B6D316004CA5F9 /* FinancialTransactionTableViewCell.swift */,
				9586160626B6D316004CA5F9 /* FinancialTransactionTableViewCell.xib */,
				9586160E26B73DED004CA5F9 /* TransferViewController.swift */,
				9586160F26B73DED004CA5F9 /* TransferViewController.xib */,
				9586161226B75DD3004CA5F9 /* BankViewController.swift */,
				9586161326B75DD3004CA5F9 /* BankViewController.xib */,
				9586161626B75F66004CA5F9 /* BankTableViewCell.swift */,
				9586161726B75F66004CA5F9 /* BankTableViewCell.xib */,
				95593CF826BCBC8900C9E078 /* ValueTransferViewController.swift */,
				95593CF926BCBC8900C9E078 /* ValueTransferViewController.xib */,
				95593CFC26BD889D00C9E078 /* SuccessfulTransferViewController.swift */,
				95593CFD26BD889D00C9E078 /* SuccessfulTransferViewController.xib */,
				957D5ECC26BF73D000130BF7 /* CardTableViewCell.swift */,
				957D5ECD26BF73D000130BF7 /* CardTableViewCell.xib */,
				95C89A7126C01FE8008B967F /* BalanceTableViewCell.swift */,
				95C89A7226C01FE8008B967F /* BalanceTableViewCell.xib */,
				95C89A7526C0258B008B967F /* CreditTableViewCell.swift */,
				95C89A7626C0258B008B967F /* CreditTableViewCell.xib */,
			);
			path = View;
			sourceTree = "<group>";
		};
		9576D2CE26A101C400BFBD0B /* Model */ = {
			isa = PBXGroup;
			children = (
				9576D2D426A101F500BFBD0B /* Login.swift */,
				9576D2DB26A10C7C00BFBD0B /* User.swift */,
				958615FF26B64BCA004CA5F9 /* FinancialTransaction.swift */,
				9586161A26B75FD8004CA5F9 /* Bank.swift */,
				957D5EC226BF3A2900130BF7 /* WelcomeItem.swift */,
				95C89A8026C0FFB1008B967F /* BankTransfer.swift */,
			);
			path = Model;
			sourceTree = "<group>";
		};
		9576D2CF26A101C900BFBD0B /* ViewModel */ = {
			isa = PBXGroup;
			children = (
				9576D2D626A1022E00BFBD0B /* LoginViewModel.swift */,
				9586160A26B6F229004CA5F9 /* StatementViewModel.swift */,
				9586160C26B73AB6004CA5F9 /* TransferViewModel.swift */,
				9586161C26B76113004CA5F9 /* BankViewModel.swift */,
				95593D0026BD9FF100C9E078 /* ValueTransferViewModel.swift */,
				95593D0226BDA09D00C9E078 /* SuccessfulTransferViewModel.swift */,
				957D5ED026BF79A900130BF7 /* WelcomeViewModel.swift */,
			);
			path = ViewModel;
			sourceTree = "<group>";
		};
		9576D2D826A1078700BFBD0B /* Coordinator */ = {
			isa = PBXGroup;
			children = (
				9576D2D926A1079C00BFBD0B /* AppCoordinator.swift */,
			);
			path = Coordinator;
			sourceTree = "<group>";
		};
		95C89A7926C0EE07008B967F /* Extention */ = {
			isa = PBXGroup;
			children = (
				95C89A7C26C0EE75008B967F /* DoubleExtension.swift */,
				95C89A7E26C0F7F3008B967F /* DateExtension.swift */,
			);
			path = Extention;
			sourceTree = "<group>";
		};
		EE8E019533BEBB4A03D9C6A4 /* Frameworks */ = {
			isa = PBXGroup;
			children = (
				79B070B51FEA08E48B787B49 /* Pods_BancoDigital.framework */,
				1B9E6C287208EBA9F150C785 /* Pods_BancoDigital_BancoDigitalUITests.framework */,
				CBEABE88260BCDDEB5CFE4B0 /* Pods_BancoDigitalTests.framework */,
			);
			name = Frameworks;
			sourceTree = "<group>";
		};
/* End PBXGroup section */

/* Begin PBXNativeTarget section */
		9576D29426A0FFA400BFBD0B /* BancoDigital */ = {
			isa = PBXNativeTarget;
			buildConfigurationList = 9576D2C226A0FFA600BFBD0B /* Build configuration list for PBXNativeTarget "BancoDigital" */;
			buildPhases = (
				E33717E51BB381B5113C675E /* [CP] Check Pods Manifest.lock */,
				9576D29126A0FFA400BFBD0B /* Sources */,
				9576D29226A0FFA400BFBD0B /* Frameworks */,
				9576D29326A0FFA400BFBD0B /* Resources */,
				7F33F039205534BE5EC55B92 /* [CP] Embed Pods Frameworks */,
			);
			buildRules = (
			);
			dependencies = (
			);
			name = BancoDigital;
			productName = BancoDigital;
			productReference = 9576D29526A0FFA400BFBD0B /* BancoDigital.app */;
			productType = "com.apple.product-type.application";
		};
		9576D2AD26A0FFA600BFBD0B /* BancoDigitalTests */ = {
			isa = PBXNativeTarget;
			buildConfigurationList = 9576D2C526A0FFA600BFBD0B /* Build configuration list for PBXNativeTarget "BancoDigitalTests" */;
			buildPhases = (
				566F5BA4F6C8401D6817D339 /* [CP] Check Pods Manifest.lock */,
				9576D2AA26A0FFA600BFBD0B /* Sources */,
				9576D2AB26A0FFA600BFBD0B /* Frameworks */,
				9576D2AC26A0FFA600BFBD0B /* Resources */,
				501057ECAFACA4A5CD44CBCD /* [CP] Embed Pods Frameworks */,
			);
			buildRules = (
			);
			dependencies = (
				9576D2B026A0FFA600BFBD0B /* PBXTargetDependency */,
			);
			name = BancoDigitalTests;
			productName = BancoDigitalTests;
			productReference = 9576D2AE26A0FFA600BFBD0B /* BancoDigitalTests.xctest */;
			productType = "com.apple.product-type.bundle.unit-test";
		};
		9576D2B826A0FFA600BFBD0B /* BancoDigitalUITests */ = {
			isa = PBXNativeTarget;
			buildConfigurationList = 9576D2C826A0FFA600BFBD0B /* Build configuration list for PBXNativeTarget "BancoDigitalUITests" */;
			buildPhases = (
				6C350C8DD5135911E609BF3E /* [CP] Check Pods Manifest.lock */,
				9576D2B526A0FFA600BFBD0B /* Sources */,
				9576D2B626A0FFA600BFBD0B /* Frameworks */,
				9576D2B726A0FFA600BFBD0B /* Resources */,
				3DDB21F9AD882E5823C071CA /* [CP] Embed Pods Frameworks */,
			);
			buildRules = (
			);
			dependencies = (
				9576D2BB26A0FFA600BFBD0B /* PBXTargetDependency */,
			);
			name = BancoDigitalUITests;
			productName = BancoDigitalUITests;
			productReference = 9576D2B926A0FFA600BFBD0B /* BancoDigitalUITests.xctest */;
			productType = "com.apple.product-type.bundle.ui-testing";
		};
/* End PBXNativeTarget section */

/* Begin PBXProject section */
		9576D28D26A0FFA400BFBD0B /* Project object */ = {
			isa = PBXProject;
			attributes = {
				LastSwiftUpdateCheck = 1250;
				LastUpgradeCheck = 1250;
				TargetAttributes = {
					9576D29426A0FFA400BFBD0B = {
						CreatedOnToolsVersion = 12.5.1;
					};
					9576D2AD26A0FFA600BFBD0B = {
						CreatedOnToolsVersion = 12.5.1;
						TestTargetID = 9576D29426A0FFA400BFBD0B;
					};
					9576D2B826A0FFA600BFBD0B = {
						CreatedOnToolsVersion = 12.5.1;
						TestTargetID = 9576D29426A0FFA400BFBD0B;
					};
				};
			};
			buildConfigurationList = 9576D29026A0FFA400BFBD0B /* Build configuration list for PBXProject "BancoDigital" */;
			compatibilityVersion = "Xcode 9.3";
			developmentRegion = en;
			hasScannedForEncodings = 0;
			knownRegions = (
				en,
				Base,
			);
			mainGroup = 9576D28C26A0FFA400BFBD0B;
			productRefGroup = 9576D29626A0FFA400BFBD0B /* Products */;
			projectDirPath = "";
			projectRoot = "";
			targets = (
				9576D29426A0FFA400BFBD0B /* BancoDigital */,
				9576D2AD26A0FFA600BFBD0B /* BancoDigitalTests */,
				9576D2B826A0FFA600BFBD0B /* BancoDigitalUITests */,
			);
		};
/* End PBXProject section */

/* Begin PBXResourcesBuildPhase section */
		9576D29326A0FFA400BFBD0B /* Resources */ = {
			isa = PBXResourcesBuildPhase;
			buildActionMask = 2147483647;
			files = (
				9586160826B6D316004CA5F9 /* FinancialTransactionTableViewCell.xib in Resources */,
				95C89A7826C0258B008B967F /* CreditTableViewCell.xib in Resources */,
				9586161926B75F66004CA5F9 /* BankTableViewCell.xib in Resources */,
				9576D2A826A0FFA500BFBD0B /* LaunchScreen.storyboard in Resources */,
				95C89A7426C01FE8008B967F /* BalanceTableViewCell.xib in Resources */,
				9586161526B75DD3004CA5F9 /* BankViewController.xib in Resources */,
				957D5ECF26BF73D000130BF7 /* CardTableViewCell.xib in Resources */,
				958615FE26B64B42004CA5F9 /* StatementViewController.xib in Resources */,
				9576D2E026A110E700BFBD0B /* WelcomeViewController.xib in Resources */,
				9576D2A526A0FFA500BFBD0B /* Assets.xcassets in Resources */,
				95593CFB26BCBC8900C9E078 /* ValueTransferViewController.xib in Resources */,
				95593CFF26BD889D00C9E078 /* SuccessfulTransferViewController.xib in Resources */,
				9576D2D326A101E600BFBD0B /* LoginViewController.xib in Resources */,
				9586161126B73DED004CA5F9 /* TransferViewController.xib in Resources */,
			);
			runOnlyForDeploymentPostprocessing = 0;
		};
		9576D2AC26A0FFA600BFBD0B /* Resources */ = {
			isa = PBXResourcesBuildPhase;
			buildActionMask = 2147483647;
			files = (
			);
			runOnlyForDeploymentPostprocessing = 0;
		};
		9576D2B726A0FFA600BFBD0B /* Resources */ = {
			isa = PBXResourcesBuildPhase;
			buildActionMask = 2147483647;
			files = (
			);
			runOnlyForDeploymentPostprocessing = 0;
		};
/* End PBXResourcesBuildPhase section */

/* Begin PBXShellScriptBuildPhase section */
		3DDB21F9AD882E5823C071CA /* [CP] Embed Pods Frameworks */ = {
			isa = PBXShellScriptBuildPhase;
			buildActionMask = 2147483647;
			files = (
			);
			inputFileListPaths = (
				"${PODS_ROOT}/Target Support Files/Pods-BancoDigital-BancoDigitalUITests/Pods-BancoDigital-BancoDigitalUITests-frameworks-${CONFIGURATION}-input-files.xcfilelist",
			);
			name = "[CP] Embed Pods Frameworks";
			outputFileListPaths = (
				"${PODS_ROOT}/Target Support Files/Pods-BancoDigital-BancoDigitalUITests/Pods-BancoDigital-BancoDigitalUITests-frameworks-${CONFIGURATION}-output-files.xcfilelist",
			);
			runOnlyForDeploymentPostprocessing = 0;
			shellPath = /bin/sh;
			shellScript = "\"${PODS_ROOT}/Target Support Files/Pods-BancoDigital-BancoDigitalUITests/Pods-BancoDigital-BancoDigitalUITests-frameworks.sh\"\n";
			showEnvVarsInLog = 0;
		};
		501057ECAFACA4A5CD44CBCD /* [CP] Embed Pods Frameworks */ = {
			isa = PBXShellScriptBuildPhase;
			buildActionMask = 2147483647;
			files = (
			);
			inputFileListPaths = (
				"${PODS_ROOT}/Target Support Files/Pods-BancoDigitalTests/Pods-BancoDigitalTests-frameworks-${CONFIGURATION}-input-files.xcfilelist",
			);
			name = "[CP] Embed Pods Frameworks";
			outputFileListPaths = (
				"${PODS_ROOT}/Target Support Files/Pods-BancoDigitalTests/Pods-BancoDigitalTests-frameworks-${CONFIGURATION}-output-files.xcfilelist",
			);
			runOnlyForDeploymentPostprocessing = 0;
			shellPath = /bin/sh;
			shellScript = "\"${PODS_ROOT}/Target Support Files/Pods-BancoDigitalTests/Pods-BancoDigitalTests-frameworks.sh\"\n";
			showEnvVarsInLog = 0;
		};
		566F5BA4F6C8401D6817D339 /* [CP] Check Pods Manifest.lock */ = {
			isa = PBXShellScriptBuildPhase;
			buildActionMask = 2147483647;
			files = (
			);
			inputFileListPaths = (
			);
			inputPaths = (
				"${PODS_PODFILE_DIR_PATH}/Podfile.lock",
				"${PODS_ROOT}/Manifest.lock",
			);
			name = "[CP] Check Pods Manifest.lock";
			outputFileListPaths = (
			);
			outputPaths = (
				"$(DERIVED_FILE_DIR)/Pods-BancoDigitalTests-checkManifestLockResult.txt",
			);
			runOnlyForDeploymentPostprocessing = 0;
			shellPath = /bin/sh;
			shellScript = "diff \"${PODS_PODFILE_DIR_PATH}/Podfile.lock\" \"${PODS_ROOT}/Manifest.lock\" > /dev/null\nif [ $? != 0 ] ; then\n    # print error to STDERR\n    echo \"error: The sandbox is not in sync with the Podfile.lock. Run 'pod install' or update your CocoaPods installation.\" >&2\n    exit 1\nfi\n# This output is used by Xcode 'outputs' to avoid re-running this script phase.\necho \"SUCCESS\" > \"${SCRIPT_OUTPUT_FILE_0}\"\n";
			showEnvVarsInLog = 0;
		};
		6C350C8DD5135911E609BF3E /* [CP] Check Pods Manifest.lock */ = {
			isa = PBXShellScriptBuildPhase;
			buildActionMask = 2147483647;
			files = (
			);
			inputFileListPaths = (
			);
			inputPaths = (
				"${PODS_PODFILE_DIR_PATH}/Podfile.lock",
				"${PODS_ROOT}/Manifest.lock",
			);
			name = "[CP] Check Pods Manifest.lock";
			outputFileListPaths = (
			);
			outputPaths = (
				"$(DERIVED_FILE_DIR)/Pods-BancoDigital-BancoDigitalUITests-checkManifestLockResult.txt",
			);
			runOnlyForDeploymentPostprocessing = 0;
			shellPath = /bin/sh;
			shellScript = "diff \"${PODS_PODFILE_DIR_PATH}/Podfile.lock\" \"${PODS_ROOT}/Manifest.lock\" > /dev/null\nif [ $? != 0 ] ; then\n    # print error to STDERR\n    echo \"error: The sandbox is not in sync with the Podfile.lock. Run 'pod install' or update your CocoaPods installation.\" >&2\n    exit 1\nfi\n# This output is used by Xcode 'outputs' to avoid re-running this script phase.\necho \"SUCCESS\" > \"${SCRIPT_OUTPUT_FILE_0}\"\n";
			showEnvVarsInLog = 0;
		};
		7F33F039205534BE5EC55B92 /* [CP] Embed Pods Frameworks */ = {
			isa = PBXShellScriptBuildPhase;
			buildActionMask = 2147483647;
			files = (
			);
			inputFileListPaths = (
				"${PODS_ROOT}/Target Support Files/Pods-BancoDigital/Pods-BancoDigital-frameworks-${CONFIGURATION}-input-files.xcfilelist",
			);
			name = "[CP] Embed Pods Frameworks";
			outputFileListPaths = (
				"${PODS_ROOT}/Target Support Files/Pods-BancoDigital/Pods-BancoDigital-frameworks-${CONFIGURATION}-output-files.xcfilelist",
			);
			runOnlyForDeploymentPostprocessing = 0;
			shellPath = /bin/sh;
			shellScript = "\"${PODS_ROOT}/Target Support Files/Pods-BancoDigital/Pods-BancoDigital-frameworks.sh\"\n";
			showEnvVarsInLog = 0;
		};
		E33717E51BB381B5113C675E /* [CP] Check Pods Manifest.lock */ = {
			isa = PBXShellScriptBuildPhase;
			buildActionMask = 2147483647;
			files = (
			);
			inputFileListPaths = (
			);
			inputPaths = (
				"${PODS_PODFILE_DIR_PATH}/Podfile.lock",
				"${PODS_ROOT}/Manifest.lock",
			);
			name = "[CP] Check Pods Manifest.lock";
			outputFileListPaths = (
			);
			outputPaths = (
				"$(DERIVED_FILE_DIR)/Pods-BancoDigital-checkManifestLockResult.txt",
			);
			runOnlyForDeploymentPostprocessing = 0;
			shellPath = /bin/sh;
			shellScript = "diff \"${PODS_PODFILE_DIR_PATH}/Podfile.lock\" \"${PODS_ROOT}/Manifest.lock\" > /dev/null\nif [ $? != 0 ] ; then\n    # print error to STDERR\n    echo \"error: The sandbox is not in sync with the Podfile.lock. Run 'pod install' or update your CocoaPods installation.\" >&2\n    exit 1\nfi\n# This output is used by Xcode 'outputs' to avoid re-running this script phase.\necho \"SUCCESS\" > \"${SCRIPT_OUTPUT_FILE_0}\"\n";
			showEnvVarsInLog = 0;
		};
/* End PBXShellScriptBuildPhase section */

/* Begin PBXSourcesBuildPhase section */
		9576D29126A0FFA400BFBD0B /* Sources */ = {
			isa = PBXSourcesBuildPhase;
			buildActionMask = 2147483647;
			files = (
				95C89A7726C0258B008B967F /* CreditTableViewCell.swift in Sources */,
				9576D2DF26A110E700BFBD0B /* WelcomeViewController.swift in Sources */,
				9586161026B73DED004CA5F9 /* TransferViewController.swift in Sources */,
				9576D29D26A0FFA400BFBD0B /* ViewController.swift in Sources */,
				95C89A7F26C0F7F3008B967F /* DateExtension.swift in Sources */,
				9576D29926A0FFA400BFBD0B /* AppDelegate.swift in Sources */,
				9586160B26B6F229004CA5F9 /* StatementViewModel.swift in Sources */,
				95593D0326BDA09D00C9E078 /* SuccessfulTransferViewModel.swift in Sources */,
				9576D2A326A0FFA400BFBD0B /* BancoDigital.xcdatamodeld in Sources */,
				9576D2D526A101F500BFBD0B /* Login.swift in Sources */,
				9576D2DC26A10C7C00BFBD0B /* User.swift in Sources */,
				9576D2DA26A1079C00BFBD0B /* AppCoordinator.swift in Sources */,
				957D5ED126BF79A900130BF7 /* WelcomeViewModel.swift in Sources */,
				9576D2D226A101E600BFBD0B /* LoginViewController.swift in Sources */,
				9586160726B6D316004CA5F9 /* FinancialTransactionTableViewCell.swift in Sources */,
				95593D0126BD9FF100C9E078 /* ValueTransferViewModel.swift in Sources */,
				9586161826B75F66004CA5F9 /* BankTableViewCell.swift in Sources */,
				9586160026B64BCA004CA5F9 /* FinancialTransaction.swift in Sources */,
				957D5EC326BF3A2900130BF7 /* WelcomeItem.swift in Sources */,
				9586160D26B73AB6004CA5F9 /* TransferViewModel.swift in Sources */,
				9586161D26B76113004CA5F9 /* BankViewModel.swift in Sources */,
				95C89A7D26C0EE75008B967F /* DoubleExtension.swift in Sources */,
				95593CFE26BD889D00C9E078 /* SuccessfulTransferViewController.swift in Sources */,
				95593CFA26BCBC8900C9E078 /* ValueTransferViewController.swift in Sources */,
				958615FD26B64B42004CA5F9 /* StatementViewController.swift in Sources */,
				957D5ECE26BF73D000130BF7 /* CardTableViewCell.swift in Sources */,
				9586161B26B75FD8004CA5F9 /* Bank.swift in Sources */,
				9586161426B75DD3004CA5F9 /* BankViewController.swift in Sources */,
				95C89A8126C0FFB1008B967F /* BankTransfer.swift in Sources */,
				95C89A7326C01FE8008B967F /* BalanceTableViewCell.swift in Sources */,
				9576D2D726A1022E00BFBD0B /* LoginViewModel.swift in Sources */,
			);
			runOnlyForDeploymentPostprocessing = 0;
		};
		9576D2AA26A0FFA600BFBD0B /* Sources */ = {
			isa = PBXSourcesBuildPhase;
			buildActionMask = 2147483647;
			files = (
				9576D2B326A0FFA600BFBD0B /* BancoDigitalTests.swift in Sources */,
			);
			runOnlyForDeploymentPostprocessing = 0;
		};
		9576D2B526A0FFA600BFBD0B /* Sources */ = {
			isa = PBXSourcesBuildPhase;
			buildActionMask = 2147483647;
			files = (
				9576D2BE26A0FFA600BFBD0B /* BancoDigitalUITests.swift in Sources */,
			);
			runOnlyForDeploymentPostprocessing = 0;
		};
/* End PBXSourcesBuildPhase section */

/* Begin PBXTargetDependency section */
		9576D2B026A0FFA600BFBD0B /* PBXTargetDependency */ = {
			isa = PBXTargetDependency;
			target = 9576D29426A0FFA400BFBD0B /* BancoDigital */;
			targetProxy = 9576D2AF26A0FFA600BFBD0B /* PBXContainerItemProxy */;
		};
		9576D2BB26A0FFA600BFBD0B /* PBXTargetDependency */ = {
			isa = PBXTargetDependency;
			target = 9576D29426A0FFA400BFBD0B /* BancoDigital */;
			targetProxy = 9576D2BA26A0FFA600BFBD0B /* PBXContainerItemProxy */;
		};
/* End PBXTargetDependency section */

/* Begin PBXVariantGroup section */
		9576D2A626A0FFA500BFBD0B /* LaunchScreen.storyboard */ = {
			isa = PBXVariantGroup;
			children = (
				9576D2A726A0FFA500BFBD0B /* Base */,
			);
			name = LaunchScreen.storyboard;
			sourceTree = "<group>";
		};
/* End PBXVariantGroup section */

/* Begin XCBuildConfiguration section */
		9576D2C026A0FFA600BFBD0B /* Debug */ = {
			isa = XCBuildConfiguration;
			buildSettings = {
				ALWAYS_SEARCH_USER_PATHS = NO;
				CLANG_ANALYZER_NONNULL = YES;
				CLANG_ANALYZER_NUMBER_OBJECT_CONVERSION = YES_AGGRESSIVE;
				CLANG_CXX_LANGUAGE_STANDARD = "gnu++14";
				CLANG_CXX_LIBRARY = "libc++";
				CLANG_ENABLE_MODULES = YES;
				CLANG_ENABLE_OBJC_ARC = YES;
				CLANG_ENABLE_OBJC_WEAK = YES;
				CLANG_WARN_BLOCK_CAPTURE_AUTORELEASING = YES;
				CLANG_WARN_BOOL_CONVERSION = YES;
				CLANG_WARN_COMMA = YES;
				CLANG_WARN_CONSTANT_CONVERSION = YES;
				CLANG_WARN_DEPRECATED_OBJC_IMPLEMENTATIONS = YES;
				CLANG_WARN_DIRECT_OBJC_ISA_USAGE = YES_ERROR;
				CLANG_WARN_DOCUMENTATION_COMMENTS = YES;
				CLANG_WARN_EMPTY_BODY = YES;
				CLANG_WARN_ENUM_CONVERSION = YES;
				CLANG_WARN_INFINITE_RECURSION = YES;
				CLANG_WARN_INT_CONVERSION = YES;
				CLANG_WARN_NON_LITERAL_NULL_CONVERSION = YES;
				CLANG_WARN_OBJC_IMPLICIT_RETAIN_SELF = YES;
				CLANG_WARN_OBJC_LITERAL_CONVERSION = YES;
				CLANG_WARN_OBJC_ROOT_CLASS = YES_ERROR;
				CLANG_WARN_QUOTED_INCLUDE_IN_FRAMEWORK_HEADER = YES;
				CLANG_WARN_RANGE_LOOP_ANALYSIS = YES;
				CLANG_WARN_STRICT_PROTOTYPES = YES;
				CLANG_WARN_SUSPICIOUS_MOVE = YES;
				CLANG_WARN_UNGUARDED_AVAILABILITY = YES_AGGRESSIVE;
				CLANG_WARN_UNREACHABLE_CODE = YES;
				CLANG_WARN__DUPLICATE_METHOD_MATCH = YES;
				COPY_PHASE_STRIP = NO;
				DEBUG_INFORMATION_FORMAT = dwarf;
				ENABLE_STRICT_OBJC_MSGSEND = YES;
				ENABLE_TESTABILITY = YES;
				GCC_C_LANGUAGE_STANDARD = gnu11;
				GCC_DYNAMIC_NO_PIC = NO;
				GCC_NO_COMMON_BLOCKS = YES;
				GCC_OPTIMIZATION_LEVEL = 0;
				GCC_PREPROCESSOR_DEFINITIONS = (
					"DEBUG=1",
					"$(inherited)",
				);
				GCC_WARN_64_TO_32_BIT_CONVERSION = YES;
				GCC_WARN_ABOUT_RETURN_TYPE = YES_ERROR;
				GCC_WARN_UNDECLARED_SELECTOR = YES;
				GCC_WARN_UNINITIALIZED_AUTOS = YES_AGGRESSIVE;
				GCC_WARN_UNUSED_FUNCTION = YES;
				GCC_WARN_UNUSED_VARIABLE = YES;
				IPHONEOS_DEPLOYMENT_TARGET = 14.5;
				MTL_ENABLE_DEBUG_INFO = INCLUDE_SOURCE;
				MTL_FAST_MATH = YES;
				ONLY_ACTIVE_ARCH = YES;
				SDKROOT = iphoneos;
				SWIFT_ACTIVE_COMPILATION_CONDITIONS = DEBUG;
				SWIFT_OPTIMIZATION_LEVEL = "-Onone";
			};
			name = Debug;
		};
		9576D2C126A0FFA600BFBD0B /* Release */ = {
			isa = XCBuildConfiguration;
			buildSettings = {
				ALWAYS_SEARCH_USER_PATHS = NO;
				CLANG_ANALYZER_NONNULL = YES;
				CLANG_ANALYZER_NUMBER_OBJECT_CONVERSION = YES_AGGRESSIVE;
				CLANG_CXX_LANGUAGE_STANDARD = "gnu++14";
				CLANG_CXX_LIBRARY = "libc++";
				CLANG_ENABLE_MODULES = YES;
				CLANG_ENABLE_OBJC_ARC = YES;
				CLANG_ENABLE_OBJC_WEAK = YES;
				CLANG_WARN_BLOCK_CAPTURE_AUTORELEASING = YES;
				CLANG_WARN_BOOL_CONVERSION = YES;
				CLANG_WARN_COMMA = YES;
				CLANG_WARN_CONSTANT_CONVERSION = YES;
				CLANG_WARN_DEPRECATED_OBJC_IMPLEMENTATIONS = YES;
				CLANG_WARN_DIRECT_OBJC_ISA_USAGE = YES_ERROR;
				CLANG_WARN_DOCUMENTATION_COMMENTS = YES;
				CLANG_WARN_EMPTY_BODY = YES;
				CLANG_WARN_ENUM_CONVERSION = YES;
				CLANG_WARN_INFINITE_RECURSION = YES;
				CLANG_WARN_INT_CONVERSION = YES;
				CLANG_WARN_NON_LITERAL_NULL_CONVERSION = YES;
				CLANG_WARN_OBJC_IMPLICIT_RETAIN_SELF = YES;
				CLANG_WARN_OBJC_LITERAL_CONVERSION = YES;
				CLANG_WARN_OBJC_ROOT_CLASS = YES_ERROR;
				CLANG_WARN_QUOTED_INCLUDE_IN_FRAMEWORK_HEADER = YES;
				CLANG_WARN_RANGE_LOOP_ANALYSIS = YES;
				CLANG_WARN_STRICT_PROTOTYPES = YES;
				CLANG_WARN_SUSPICIOUS_MOVE = YES;
				CLANG_WARN_UNGUARDED_AVAILABILITY = YES_AGGRESSIVE;
				CLANG_WARN_UNREACHABLE_CODE = YES;
				CLANG_WARN__DUPLICATE_METHOD_MATCH = YES;
				COPY_PHASE_STRIP = NO;
				DEBUG_INFORMATION_FORMAT = "dwarf-with-dsym";
				ENABLE_NS_ASSERTIONS = NO;
				ENABLE_STRICT_OBJC_MSGSEND = YES;
				GCC_C_LANGUAGE_STANDARD = gnu11;
				GCC_NO_COMMON_BLOCKS = YES;
				GCC_WARN_64_TO_32_BIT_CONVERSION = YES;
				GCC_WARN_ABOUT_RETURN_TYPE = YES_ERROR;
				GCC_WARN_UNDECLARED_SELECTOR = YES;
				GCC_WARN_UNINITIALIZED_AUTOS = YES_AGGRESSIVE;
				GCC_WARN_UNUSED_FUNCTION = YES;
				GCC_WARN_UNUSED_VARIABLE = YES;
				IPHONEOS_DEPLOYMENT_TARGET = 14.5;
				MTL_ENABLE_DEBUG_INFO = NO;
				MTL_FAST_MATH = YES;
				SDKROOT = iphoneos;
				SWIFT_COMPILATION_MODE = wholemodule;
				SWIFT_OPTIMIZATION_LEVEL = "-O";
				VALIDATE_PRODUCT = YES;
			};
			name = Release;
		};
		9576D2C326A0FFA600BFBD0B /* Debug */ = {
			isa = XCBuildConfiguration;
			baseConfigurationReference = 99AF650866D44F093FEA1705 /* Pods-BancoDigital.debug.xcconfig */;
			buildSettings = {
				ASSETCATALOG_COMPILER_APPICON_NAME = AppIcon;
				ASSETCATALOG_COMPILER_GLOBAL_ACCENT_COLOR_NAME = AccentColor;
				CODE_SIGN_STYLE = Automatic;
				DEVELOPMENT_TEAM = 9R25VPD3AH;
				INFOPLIST_FILE = BancoDigital/Info.plist;
				LD_RUNPATH_SEARCH_PATHS = (
					"$(inherited)",
					"@executable_path/Frameworks",
				);
				PRODUCT_BUNDLE_IDENTIFIER = br.com.raynerweb.BancoDigital;
				PRODUCT_NAME = "$(TARGET_NAME)";
				SWIFT_VERSION = 5.0;
				TARGETED_DEVICE_FAMILY = "1,2";
			};
			name = Debug;
		};
		9576D2C426A0FFA600BFBD0B /* Release */ = {
			isa = XCBuildConfiguration;
			baseConfigurationReference = A33A31A0A82AE97C0C9CA49F /* Pods-BancoDigital.release.xcconfig */;
			buildSettings = {
				ASSETCATALOG_COMPILER_APPICON_NAME = AppIcon;
				ASSETCATALOG_COMPILER_GLOBAL_ACCENT_COLOR_NAME = AccentColor;
				CODE_SIGN_STYLE = Automatic;
				DEVELOPMENT_TEAM = 9R25VPD3AH;
				INFOPLIST_FILE = BancoDigital/Info.plist;
				LD_RUNPATH_SEARCH_PATHS = (
					"$(inherited)",
					"@executable_path/Frameworks",
				);
				PRODUCT_BUNDLE_IDENTIFIER = br.com.raynerweb.BancoDigital;
				PRODUCT_NAME = "$(TARGET_NAME)";
				SWIFT_VERSION = 5.0;
				TARGETED_DEVICE_FAMILY = "1,2";
			};
			name = Release;
		};
		9576D2C626A0FFA600BFBD0B /* Debug */ = {
			isa = XCBuildConfiguration;
			baseConfigurationReference = 63B410F264140CF4C1587007 /* Pods-BancoDigitalTests.debug.xcconfig */;
			buildSettings = {
				ALWAYS_EMBED_SWIFT_STANDARD_LIBRARIES = YES;
				BUNDLE_LOADER = "$(TEST_HOST)";
				CODE_SIGN_STYLE = Automatic;
				DEVELOPMENT_TEAM = 9R25VPD3AH;
				INFOPLIST_FILE = BancoDigitalTests/Info.plist;
				IPHONEOS_DEPLOYMENT_TARGET = 14.5;
				LD_RUNPATH_SEARCH_PATHS = (
					"$(inherited)",
					"@executable_path/Frameworks",
					"@loader_path/Frameworks",
				);
				PRODUCT_BUNDLE_IDENTIFIER = br.com.raynerweb.BancoDigitalTests;
				PRODUCT_NAME = "$(TARGET_NAME)";
				SWIFT_VERSION = 5.0;
				TARGETED_DEVICE_FAMILY = "1,2";
				TEST_HOST = "$(BUILT_PRODUCTS_DIR)/BancoDigital.app/BancoDigital";
			};
			name = Debug;
		};
		9576D2C726A0FFA600BFBD0B /* Release */ = {
			isa = XCBuildConfiguration;
			baseConfigurationReference = 964D59337D18453FB32F6CFB /* Pods-BancoDigitalTests.release.xcconfig */;
			buildSettings = {
				ALWAYS_EMBED_SWIFT_STANDARD_LIBRARIES = YES;
				BUNDLE_LOADER = "$(TEST_HOST)";
				CODE_SIGN_STYLE = Automatic;
				DEVELOPMENT_TEAM = 9R25VPD3AH;
				INFOPLIST_FILE = BancoDigitalTests/Info.plist;
				IPHONEOS_DEPLOYMENT_TARGET = 14.5;
				LD_RUNPATH_SEARCH_PATHS = (
					"$(inherited)",
					"@executable_path/Frameworks",
					"@loader_path/Frameworks",
				);
				PRODUCT_BUNDLE_IDENTIFIER = br.com.raynerweb.BancoDigitalTests;
				PRODUCT_NAME = "$(TARGET_NAME)";
				SWIFT_VERSION = 5.0;
				TARGETED_DEVICE_FAMILY = "1,2";
				TEST_HOST = "$(BUILT_PRODUCTS_DIR)/BancoDigital.app/BancoDigital";
			};
			name = Release;
		};
		9576D2C926A0FFA600BFBD0B /* Debug */ = {
			isa = XCBuildConfiguration;
			baseConfigurationReference = 7232DAB0A542EE5A0AB1BD80 /* Pods-BancoDigital-BancoDigitalUITests.debug.xcconfig */;
			buildSettings = {
				ALWAYS_EMBED_SWIFT_STANDARD_LIBRARIES = YES;
				CODE_SIGN_STYLE = Automatic;
				DEVELOPMENT_TEAM = 9R25VPD3AH;
				INFOPLIST_FILE = BancoDigitalUITests/Info.plist;
				LD_RUNPATH_SEARCH_PATHS = (
					"$(inherited)",
					"@executable_path/Frameworks",
					"@loader_path/Frameworks",
				);
				PRODUCT_BUNDLE_IDENTIFIER = br.com.raynerweb.BancoDigitalUITests;
				PRODUCT_NAME = "$(TARGET_NAME)";
				SWIFT_VERSION = 5.0;
				TARGETED_DEVICE_FAMILY = "1,2";
				TEST_TARGET_NAME = BancoDigital;
			};
			name = Debug;
		};
		9576D2CA26A0FFA600BFBD0B /* Release */ = {
			isa = XCBuildConfiguration;
			baseConfigurationReference = 98037CED0B7EEF2EEEFC89B6 /* Pods-BancoDigital-BancoDigitalUITests.release.xcconfig */;
			buildSettings = {
				ALWAYS_EMBED_SWIFT_STANDARD_LIBRARIES = YES;
				CODE_SIGN_STYLE = Automatic;
				DEVELOPMENT_TEAM = 9R25VPD3AH;
				INFOPLIST_FILE = BancoDigitalUITests/Info.plist;
				LD_RUNPATH_SEARCH_PATHS = (
					"$(inherited)",
					"@executable_path/Frameworks",
					"@loader_path/Frameworks",
				);
				PRODUCT_BUNDLE_IDENTIFIER = br.com.raynerweb.BancoDigitalUITests;
				PRODUCT_NAME = "$(TARGET_NAME)";
				SWIFT_VERSION = 5.0;
				TARGETED_DEVICE_FAMILY = "1,2";
				TEST_TARGET_NAME = BancoDigital;
			};
			name = Release;
		};
/* End XCBuildConfiguration section */

/* Begin XCConfigurationList section */
		9576D29026A0FFA400BFBD0B /* Build configuration list for PBXProject "BancoDigital" */ = {
			isa = XCConfigurationList;
			buildConfigurations = (
				9576D2C026A0FFA600BFBD0B /* Debug */,
				9576D2C126A0FFA600BFBD0B /* Release */,
			);
			defaultConfigurationIsVisible = 0;
			defaultConfigurationName = Release;
		};
		9576D2C226A0FFA600BFBD0B /* Build configuration list for PBXNativeTarget "BancoDigital" */ = {
			isa = XCConfigurationList;
			buildConfigurations = (
				9576D2C326A0FFA600BFBD0B /* Debug */,
				9576D2C426A0FFA600BFBD0B /* Release */,
			);
			defaultConfigurationIsVisible = 0;
			defaultConfigurationName = Release;
		};
		9576D2C526A0FFA600BFBD0B /* Build configuration list for PBXNativeTarget "BancoDigitalTests" */ = {
			isa = XCConfigurationList;
			buildConfigurations = (
				9576D2C626A0FFA600BFBD0B /* Debug */,
				9576D2C726A0FFA600BFBD0B /* Release */,
			);
			defaultConfigurationIsVisible = 0;
			defaultConfigurationName = Release;
		};
		9576D2C826A0FFA600BFBD0B /* Build configuration list for PBXNativeTarget "BancoDigitalUITests" */ = {
			isa = XCConfigurationList;
			buildConfigurations = (
				9576D2C926A0FFA600BFBD0B /* Debug */,
				9576D2CA26A0FFA600BFBD0B /* Release */,
			);
			defaultConfigurationIsVisible = 0;
			defaultConfigurationName = Release;
		};
/* End XCConfigurationList section */

/* Begin XCVersionGroup section */
		9576D2A126A0FFA400BFBD0B /* BancoDigital.xcdatamodeld */ = {
			isa = XCVersionGroup;
			children = (
				9576D2A226A0FFA400BFBD0B /* BancoDigital.xcdatamodel */,
			);
			currentVersion = 9576D2A226A0FFA400BFBD0B /* BancoDigital.xcdatamodel */;
			path = BancoDigital.xcdatamodeld;
			sourceTree = "<group>";
			versionGroupType = wrapper.xcdatamodel;
		};
/* End XCVersionGroup section */
	};
	rootObject = 9576D28D26A0FFA400BFBD0B /* Project object */;
}
